// !$*UTF8*$!
{
	archiveVersion = 1;
	classes = {
	};
	objectVersion = 50;
	objects = {

/* Begin PBXBuildFile section */
		0243EF56227B1BFC0075565B /* AppDelegate.swift in Sources */ = {isa = PBXBuildFile; fileRef = 0243EF55227B1BFC0075565B /* AppDelegate.swift */; };
		0243EF58227B1BFD0075565B /* ViewController.swift in Sources */ = {isa = PBXBuildFile; fileRef = 0243EF57227B1BFD0075565B /* ViewController.swift */; };
		0243EF5B227B1BFD0075565B /* Main.storyboard in Resources */ = {isa = PBXBuildFile; fileRef = 0243EF59227B1BFD0075565B /* Main.storyboard */; };
		0243EF5D227B1BFE0075565B /* Assets.xcassets in Resources */ = {isa = PBXBuildFile; fileRef = 0243EF5C227B1BFE0075565B /* Assets.xcassets */; };
		0243EF60227B1BFE0075565B /* LaunchScreen.storyboard in Resources */ = {isa = PBXBuildFile; fileRef = 0243EF5E227B1BFE0075565B /* LaunchScreen.storyboard */; };
		0243EF6B227B1BFE0075565B /* asaborakeTests.swift in Sources */ = {isa = PBXBuildFile; fileRef = 0243EF6A227B1BFE0075565B /* asaborakeTests.swift */; };
		0243EF76227B1BFE0075565B /* asaborakeUITests.swift in Sources */ = {isa = PBXBuildFile; fileRef = 0243EF75227B1BFE0075565B /* asaborakeUITests.swift */; };
		3ECB0826262E65CD3C4AA2CA /* Pods_asaborakeUITests.framework in Frameworks */ = {isa = PBXBuildFile; fileRef = 5383429EFBB6E82CEB762E1C /* Pods_asaborakeUITests.framework */; };
		CE56DAEBE431750A69C956CB /* Pods_asaborakeTests.framework in Frameworks */ = {isa = PBXBuildFile; fileRef = 1AB2ABB9AF98A84510F7FC88 /* Pods_asaborakeTests.framework */; };
		FE8479E2DA91F70662DB8264 /* Pods_asaborake.framework in Frameworks */ = {isa = PBXBuildFile; fileRef = DA96297990AC54949F2FB996 /* Pods_asaborake.framework */; };
/* End PBXBuildFile section */

/* Begin PBXContainerItemProxy section */
		0243EF67227B1BFE0075565B /* PBXContainerItemProxy */ = {
			isa = PBXContainerItemProxy;
			containerPortal = 0243EF4A227B1BFC0075565B /* Project object */;
			proxyType = 1;
			remoteGlobalIDString = 0243EF51227B1BFC0075565B;
			remoteInfo = asaborake;
		};
		0243EF72227B1BFE0075565B /* PBXContainerItemProxy */ = {
			isa = PBXContainerItemProxy;
			containerPortal = 0243EF4A227B1BFC0075565B /* Project object */;
			proxyType = 1;
			remoteGlobalIDString = 0243EF51227B1BFC0075565B;
			remoteInfo = asaborake;
		};
/* End PBXContainerItemProxy section */

/* Begin PBXFileReference section */
		0243EF52227B1BFC0075565B /* asaborake.app */ = {isa = PBXFileReference; explicitFileType = wrapper.application; includeInIndex = 0; path = asaborake.app; sourceTree = BUILT_PRODUCTS_DIR; };
		0243EF55227B1BFC0075565B /* AppDelegate.swift */ = {isa = PBXFileReference; lastKnownFileType = sourcecode.swift; path = AppDelegate.swift; sourceTree = "<group>"; };
		0243EF57227B1BFD0075565B /* ViewController.swift */ = {isa = PBXFileReference; lastKnownFileType = sourcecode.swift; path = ViewController.swift; sourceTree = "<group>"; };
		0243EF5A227B1BFD0075565B /* Base */ = {isa = PBXFileReference; lastKnownFileType = file.storyboard; name = Base; path = Base.lproj/Main.storyboard; sourceTree = "<group>"; };
		0243EF5C227B1BFE0075565B /* Assets.xcassets */ = {isa = PBXFileReference; lastKnownFileType = folder.assetcatalog; path = Assets.xcassets; sourceTree = "<group>"; };
		0243EF5F227B1BFE0075565B /* Base */ = {isa = PBXFileReference; lastKnownFileType = file.storyboard; name = Base; path = Base.lproj/LaunchScreen.storyboard; sourceTree = "<group>"; };
		0243EF61227B1BFE0075565B /* Info.plist */ = {isa = PBXFileReference; lastKnownFileType = text.plist.xml; path = Info.plist; sourceTree = "<group>"; };
		0243EF66227B1BFE0075565B /* asaborakeTests.xctest */ = {isa = PBXFileReference; explicitFileType = wrapper.cfbundle; includeInIndex = 0; path = asaborakeTests.xctest; sourceTree = BUILT_PRODUCTS_DIR; };
		0243EF6A227B1BFE0075565B /* asaborakeTests.swift */ = {isa = PBXFileReference; lastKnownFileType = sourcecode.swift; path = asaborakeTests.swift; sourceTree = "<group>"; };
		0243EF6C227B1BFE0075565B /* Info.plist */ = {isa = PBXFileReference; lastKnownFileType = text.plist.xml; path = Info.plist; sourceTree = "<group>"; };
		0243EF71227B1BFE0075565B /* asaborakeUITests.xctest */ = {isa = PBXFileReference; explicitFileType = wrapper.cfbundle; includeInIndex = 0; path = asaborakeUITests.xctest; sourceTree = BUILT_PRODUCTS_DIR; };
		0243EF75227B1BFE0075565B /* asaborakeUITests.swift */ = {isa = PBXFileReference; lastKnownFileType = sourcecode.swift; path = asaborakeUITests.swift; sourceTree = "<group>"; };
		0243EF77227B1BFE0075565B /* Info.plist */ = {isa = PBXFileReference; lastKnownFileType = text.plist.xml; path = Info.plist; sourceTree = "<group>"; };
		1AB2ABB9AF98A84510F7FC88 /* Pods_asaborakeTests.framework */ = {isa = PBXFileReference; explicitFileType = wrapper.framework; includeInIndex = 0; path = Pods_asaborakeTests.framework; sourceTree = BUILT_PRODUCTS_DIR; };
		29FD66034CD7A0C08786F846 /* Pods-asaborake.release.xcconfig */ = {isa = PBXFileReference; includeInIndex = 1; lastKnownFileType = text.xcconfig; name = "Pods-asaborake.release.xcconfig"; path = "Target Support Files/Pods-asaborake/Pods-asaborake.release.xcconfig"; sourceTree = "<group>"; };
		5383429EFBB6E82CEB762E1C /* Pods_asaborakeUITests.framework */ = {isa = PBXFileReference; explicitFileType = wrapper.framework; includeInIndex = 0; path = Pods_asaborakeUITests.framework; sourceTree = BUILT_PRODUCTS_DIR; };
		5F0970A05985EAFC81398FF7 /* Pods-asaborakeTests.release.xcconfig */ = {isa = PBXFileReference; includeInIndex = 1; lastKnownFileType = text.xcconfig; name = "Pods-asaborakeTests.release.xcconfig"; path = "Target Support Files/Pods-asaborakeTests/Pods-asaborakeTests.release.xcconfig"; sourceTree = "<group>"; };
		75B006CA6EF62521E0230909 /* Pods-asaborakeTests.debug.xcconfig */ = {isa = PBXFileReference; includeInIndex = 1; lastKnownFileType = text.xcconfig; name = "Pods-asaborakeTests.debug.xcconfig"; path = "Target Support Files/Pods-asaborakeTests/Pods-asaborakeTests.debug.xcconfig"; sourceTree = "<group>"; };
		A49251056E56F443BAA0ED14 /* Pods-asaborake.debug.xcconfig */ = {isa = PBXFileReference; includeInIndex = 1; lastKnownFileType = text.xcconfig; name = "Pods-asaborake.debug.xcconfig"; path = "Target Support Files/Pods-asaborake/Pods-asaborake.debug.xcconfig"; sourceTree = "<group>"; };
		BD8CC40F861D3E94419724A9 /* Pods-asaborakeUITests.release.xcconfig */ = {isa = PBXFileReference; includeInIndex = 1; lastKnownFileType = text.xcconfig; name = "Pods-asaborakeUITests.release.xcconfig"; path = "Target Support Files/Pods-asaborakeUITests/Pods-asaborakeUITests.release.xcconfig"; sourceTree = "<group>"; };
		DA96297990AC54949F2FB996 /* Pods_asaborake.framework */ = {isa = PBXFileReference; explicitFileType = wrapper.framework; includeInIndex = 0; path = Pods_asaborake.framework; sourceTree = BUILT_PRODUCTS_DIR; };
		ED62B52F1601A66B56354C0D /* Pods-asaborakeUITests.debug.xcconfig */ = {isa = PBXFileReference; includeInIndex = 1; lastKnownFileType = text.xcconfig; name = "Pods-asaborakeUITests.debug.xcconfig"; path = "Target Support Files/Pods-asaborakeUITests/Pods-asaborakeUITests.debug.xcconfig"; sourceTree = "<group>"; };
/* End PBXFileReference section */

/* Begin PBXFrameworksBuildPhase section */
		0243EF4F227B1BFC0075565B /* Frameworks */ = {
			isa = PBXFrameworksBuildPhase;
			buildActionMask = 2147483647;
			files = (
				FE8479E2DA91F70662DB8264 /* Pods_asaborake.framework in Frameworks */,
			);
			runOnlyForDeploymentPostprocessing = 0;
		};
		0243EF63227B1BFE0075565B /* Frameworks */ = {
			isa = PBXFrameworksBuildPhase;
			buildActionMask = 2147483647;
			files = (
				CE56DAEBE431750A69C956CB /* Pods_asaborakeTests.framework in Frameworks */,
			);
			runOnlyForDeploymentPostprocessing = 0;
		};
		0243EF6E227B1BFE0075565B /* Frameworks */ = {
			isa = PBXFrameworksBuildPhase;
			buildActionMask = 2147483647;
			files = (
				3ECB0826262E65CD3C4AA2CA /* Pods_asaborakeUITests.framework in Frameworks */,
			);
			runOnlyForDeploymentPostprocessing = 0;
		};
/* End PBXFrameworksBuildPhase section */

/* Begin PBXGroup section */
		0243EF49227B1BFC0075565B = {
			isa = PBXGroup;
			children = (
				0243EF54227B1BFC0075565B /* asaborake */,
				0243EF69227B1BFE0075565B /* asaborakeTests */,
				0243EF74227B1BFE0075565B /* asaborakeUITests */,
				0243EF53227B1BFC0075565B /* Products */,
				9803911416F5F3248AD46273 /* Pods */,
				2D9A78C5D8FE3B539E7A0DDA /* Frameworks */,
			);
			sourceTree = "<group>";
		};
		0243EF53227B1BFC0075565B /* Products */ = {
			isa = PBXGroup;
			children = (
				0243EF52227B1BFC0075565B /* asaborake.app */,
				0243EF66227B1BFE0075565B /* asaborakeTests.xctest */,
				0243EF71227B1BFE0075565B /* asaborakeUITests.xctest */,
			);
			name = Products;
			sourceTree = "<group>";
		};
		0243EF54227B1BFC0075565B /* asaborake */ = {
			isa = PBXGroup;
			children = (
				0243EF55227B1BFC0075565B /* AppDelegate.swift */,
				0243EF57227B1BFD0075565B /* ViewController.swift */,
				0243EF59227B1BFD0075565B /* Main.storyboard */,
				0243EF5C227B1BFE0075565B /* Assets.xcassets */,
				0243EF5E227B1BFE0075565B /* LaunchScreen.storyboard */,
				0243EF61227B1BFE0075565B /* Info.plist */,
			);
			path = asaborake;
			sourceTree = "<group>";
		};
		0243EF69227B1BFE0075565B /* asaborakeTests */ = {
			isa = PBXGroup;
			children = (
				0243EF6A227B1BFE0075565B /* asaborakeTests.swift */,
				0243EF6C227B1BFE0075565B /* Info.plist */,
			);
			path = asaborakeTests;
			sourceTree = "<group>";
		};
		0243EF74227B1BFE0075565B /* asaborakeUITests */ = {
			isa = PBXGroup;
			children = (
				0243EF75227B1BFE0075565B /* asaborakeUITests.swift */,
				0243EF77227B1BFE0075565B /* Info.plist */,
			);
			path = asaborakeUITests;
			sourceTree = "<group>";
		};
		2D9A78C5D8FE3B539E7A0DDA /* Frameworks */ = {
			isa = PBXGroup;
			children = (
				DA96297990AC54949F2FB996 /* Pods_asaborake.framework */,
				1AB2ABB9AF98A84510F7FC88 /* Pods_asaborakeTests.framework */,
				5383429EFBB6E82CEB762E1C /* Pods_asaborakeUITests.framework */,
			);
			name = Frameworks;
			sourceTree = "<group>";
		};
		9803911416F5F3248AD46273 /* Pods */ = {
			isa = PBXGroup;
			children = (
				A49251056E56F443BAA0ED14 /* Pods-asaborake.debug.xcconfig */,
				29FD66034CD7A0C08786F846 /* Pods-asaborake.release.xcconfig */,
				75B006CA6EF62521E0230909 /* Pods-asaborakeTests.debug.xcconfig */,
				5F0970A05985EAFC81398FF7 /* Pods-asaborakeTests.release.xcconfig */,
				ED62B52F1601A66B56354C0D /* Pods-asaborakeUITests.debug.xcconfig */,
				BD8CC40F861D3E94419724A9 /* Pods-asaborakeUITests.release.xcconfig */,
			);
			name = Pods;
			path = Pods;
			sourceTree = "<group>";
		};
/* End PBXGroup section */

/* Begin PBXNativeTarget section */
		0243EF51227B1BFC0075565B /* asaborake */ = {
			isa = PBXNativeTarget;
			buildConfigurationList = 0243EF7A227B1BFE0075565B /* Build configuration list for PBXNativeTarget "asaborake" */;
			buildPhases = (
				9A39B02F48CD3DE75A86DA1B /* [CP] Check Pods Manifest.lock */,
				0243EF4E227B1BFC0075565B /* Sources */,
				0243EF4F227B1BFC0075565B /* Frameworks */,
				0243EF50227B1BFC0075565B /* Resources */,
				33196D11267933254AC382EC /* [CP] Embed Pods Frameworks */,
			);
			buildRules = (
			);
			dependencies = (
			);
			name = asaborake;
			productName = asaborake;
			productReference = 0243EF52227B1BFC0075565B /* asaborake.app */;
			productType = "com.apple.product-type.application";
		};
		0243EF65227B1BFE0075565B /* asaborakeTests */ = {
			isa = PBXNativeTarget;
			buildConfigurationList = 0243EF7D227B1BFE0075565B /* Build configuration list for PBXNativeTarget "asaborakeTests" */;
			buildPhases = (
				E7F101BC2420E367918A9F72 /* [CP] Check Pods Manifest.lock */,
				0243EF62227B1BFE0075565B /* Sources */,
				0243EF63227B1BFE0075565B /* Frameworks */,
				0243EF64227B1BFE0075565B /* Resources */,
			);
			buildRules = (
			);
			dependencies = (
				0243EF68227B1BFE0075565B /* PBXTargetDependency */,
			);
			name = asaborakeTests;
			productName = asaborakeTests;
			productReference = 0243EF66227B1BFE0075565B /* asaborakeTests.xctest */;
			productType = "com.apple.product-type.bundle.unit-test";
		};
		0243EF70227B1BFE0075565B /* asaborakeUITests */ = {
			isa = PBXNativeTarget;
			buildConfigurationList = 0243EF80227B1BFE0075565B /* Build configuration list for PBXNativeTarget "asaborakeUITests" */;
			buildPhases = (
				7F174E03EDC92CEE192991DC /* [CP] Check Pods Manifest.lock */,
				0243EF6D227B1BFE0075565B /* Sources */,
				0243EF6E227B1BFE0075565B /* Frameworks */,
				0243EF6F227B1BFE0075565B /* Resources */,
			);
			buildRules = (
			);
			dependencies = (
				0243EF73227B1BFE0075565B /* PBXTargetDependency */,
			);
			name = asaborakeUITests;
			productName = asaborakeUITests;
			productReference = 0243EF71227B1BFE0075565B /* asaborakeUITests.xctest */;
			productType = "com.apple.product-type.bundle.ui-testing";
		};
/* End PBXNativeTarget section */

/* Begin PBXProject section */
		0243EF4A227B1BFC0075565B /* Project object */ = {
			isa = PBXProject;
			attributes = {
				LastSwiftUpdateCheck = 1010;
				LastUpgradeCheck = 1010;
				ORGANIZATIONNAME = "Yuji Ogihara";
				TargetAttributes = {
					0243EF51227B1BFC0075565B = {
						CreatedOnToolsVersion = 10.1;
					};
					0243EF65227B1BFE0075565B = {
						CreatedOnToolsVersion = 10.1;
						TestTargetID = 0243EF51227B1BFC0075565B;
					};
					0243EF70227B1BFE0075565B = {
						CreatedOnToolsVersion = 10.1;
						TestTargetID = 0243EF51227B1BFC0075565B;
					};
				};
			};
			buildConfigurationList = 0243EF4D227B1BFC0075565B /* Build configuration list for PBXProject "asaborake" */;
			compatibilityVersion = "Xcode 9.3";
			developmentRegion = en;
			hasScannedForEncodings = 0;
			knownRegions = (
				en,
				Base,
			);
			mainGroup = 0243EF49227B1BFC0075565B;
			productRefGroup = 0243EF53227B1BFC0075565B /* Products */;
			projectDirPath = "";
			projectRoot = "";
			targets = (
				0243EF51227B1BFC0075565B /* asaborake */,
				0243EF65227B1BFE0075565B /* asaborakeTests */,
				0243EF70227B1BFE0075565B /* asaborakeUITests */,
			);
		};
/* End PBXProject section */

/* Begin PBXResourcesBuildPhase section */
		0243EF50227B1BFC0075565B /* Resources */ = {
			isa = PBXResourcesBuildPhase;
			buildActionMask = 2147483647;
			files = (
				0243EF60227B1BFE0075565B /* LaunchScreen.storyboard in Resources */,
				0243EF5D227B1BFE0075565B /* Assets.xcassets in Resources */,
				0243EF5B227B1BFD0075565B /* Main.storyboard in Resources */,
			);
			runOnlyForDeploymentPostprocessing = 0;
		};
		0243EF64227B1BFE0075565B /* Resources */ = {
			isa = PBXResourcesBuildPhase;
			buildActionMask = 2147483647;
			files = (
			);
			runOnlyForDeploymentPostprocessing = 0;
		};
		0243EF6F227B1BFE0075565B /* Resources */ = {
			isa = PBXResourcesBuildPhase;
			buildActionMask = 2147483647;
			files = (
			);
			runOnlyForDeploymentPostprocessing = 0;
		};
/* End PBXResourcesBuildPhase section */

/* Begin PBXShellScriptBuildPhase section */
		33196D11267933254AC382EC /* [CP] Embed Pods Frameworks */ = {
			isa = PBXShellScriptBuildPhase;
			buildActionMask = 2147483647;
			files = (
			);
			inputFileListPaths = (
			);
			inputPaths = (
				"${PODS_ROOT}/Target Support Files/Pods-asaborake/Pods-asaborake-frameworks.sh",
				"${BUILT_PRODUCTS_DIR}/CircleProgressView/CircleProgressView.framework",
				"${BUILT_PRODUCTS_DIR}/GoogleUtilities/GoogleUtilities.framework",
				"${BUILT_PRODUCTS_DIR}/SwiftyJSON/SwiftyJSON.framework",
				"${BUILT_PRODUCTS_DIR}/nanopb/nanopb.framework",
			);
			name = "[CP] Embed Pods Frameworks";
			outputFileListPaths = (
			);
			outputPaths = (
				"${TARGET_BUILD_DIR}/${FRAMEWORKS_FOLDER_PATH}/CircleProgressView.framework",
				"${TARGET_BUILD_DIR}/${FRAMEWORKS_FOLDER_PATH}/GoogleUtilities.framework",
				"${TARGET_BUILD_DIR}/${FRAMEWORKS_FOLDER_PATH}/SwiftyJSON.framework",
				"${TARGET_BUILD_DIR}/${FRAMEWORKS_FOLDER_PATH}/nanopb.framework",
			);
			runOnlyForDeploymentPostprocessing = 0;
			shellPath = /bin/sh;
			shellScript = "\"${PODS_ROOT}/Target Support Files/Pods-asaborake/Pods-asaborake-frameworks.sh\"\n";
			showEnvVarsInLog = 0;
		};
		7F174E03EDC92CEE192991DC /* [CP] Check Pods Manifest.lock */ = {
			isa = PBXShellScriptBuildPhase;
			buildActionMask = 2147483647;
			files = (
			);
			inputFileListPaths = (
			);
			inputPaths = (
				"${PODS_PODFILE_DIR_PATH}/Podfile.lock",
				"${PODS_ROOT}/Manifest.lock",
			);
			name = "[CP] Check Pods Manifest.lock";
			outputFileListPaths = (
			);
			outputPaths = (
				"$(DERIVED_FILE_DIR)/Pods-asaborakeUITests-checkManifestLockResult.txt",
			);
			runOnlyForDeploymentPostprocessing = 0;
			shellPath = /bin/sh;
			shellScript = "diff \"${PODS_PODFILE_DIR_PATH}/Podfile.lock\" \"${PODS_ROOT}/Manifest.lock\" > /dev/null\nif [ $? != 0 ] ; then\n    # print error to STDERR\n    echo \"error: The sandbox is not in sync with the Podfile.lock. Run 'pod install' or update your CocoaPods installation.\" >&2\n    exit 1\nfi\n# This output is used by Xcode 'outputs' to avoid re-running this script phase.\necho \"SUCCESS\" > \"${SCRIPT_OUTPUT_FILE_0}\"\n";
			showEnvVarsInLog = 0;
		};
		9A39B02F48CD3DE75A86DA1B /* [CP] Check Pods Manifest.lock */ = {
			isa = PBXShellScriptBuildPhase;
			buildActionMask = 2147483647;
			files = (
			);
			inputFileListPaths = (
			);
			inputPaths = (
				"${PODS_PODFILE_DIR_PATH}/Podfile.lock",
				"${PODS_ROOT}/Manifest.lock",
			);
			name = "[CP] Check Pods Manifest.lock";
			outputFileListPaths = (
			);
			outputPaths = (
				"$(DERIVED_FILE_DIR)/Pods-asaborake-checkManifestLockResult.txt",
			);
			runOnlyForDeploymentPostprocessing = 0;
			shellPath = /bin/sh;
			shellScript = "diff \"${PODS_PODFILE_DIR_PATH}/Podfile.lock\" \"${PODS_ROOT}/Manifest.lock\" > /dev/null\nif [ $? != 0 ] ; then\n    # print error to STDERR\n    echo \"error: The sandbox is not in sync with the Podfile.lock. Run 'pod install' or update your CocoaPods installation.\" >&2\n    exit 1\nfi\n# This output is used by Xcode 'outputs' to avoid re-running this script phase.\necho \"SUCCESS\" > \"${SCRIPT_OUTPUT_FILE_0}\"\n";
			showEnvVarsInLog = 0;
		};
		E7F101BC2420E367918A9F72 /* [CP] Check Pods Manifest.lock */ = {
			isa = PBXShellScriptBuildPhase;
			buildActionMask = 2147483647;
			files = (
			);
			inputFileListPaths = (
			);
			inputPaths = (
				"${PODS_PODFILE_DIR_PATH}/Podfile.lock",
				"${PODS_ROOT}/Manifest.lock",
			);
			name = "[CP] Check Pods Manifest.lock";
			outputFileListPaths = (
			);
			outputPaths = (
				"$(DERIVED_FILE_DIR)/Pods-asaborakeTests-checkManifestLockResult.txt",
			);
			runOnlyForDeploymentPostprocessing = 0;
			shellPath = /bin/sh;
			shellScript = "diff \"${PODS_PODFILE_DIR_PATH}/Podfile.lock\" \"${PODS_ROOT}/Manifest.lock\" > /dev/null\nif [ $? != 0 ] ; then\n    # print error to STDERR\n    echo \"error: The sandbox is not in sync with the Podfile.lock. Run 'pod install' or update your CocoaPods installation.\" >&2\n    exit 1\nfi\n# This output is used by Xcode 'outputs' to avoid re-running this script phase.\necho \"SUCCESS\" > \"${SCRIPT_OUTPUT_FILE_0}\"\n";
			showEnvVarsInLog = 0;
		};
/* End PBXShellScriptBuildPhase section */

/* Begin PBXSourcesBuildPhase section */
		0243EF4E227B1BFC0075565B /* Sources */ = {
			isa = PBXSourcesBuildPhase;
			buildActionMask = 2147483647;
			files = (
				0243EF58227B1BFD0075565B /* ViewController.swift in Sources */,
				0243EF56227B1BFC0075565B /* AppDelegate.swift in Sources */,
			);
			runOnlyForDeploymentPostprocessing = 0;
		};
		0243EF62227B1BFE0075565B /* Sources */ = {
			isa = PBXSourcesBuildPhase;
			buildActionMask = 2147483647;
			files = (
				0243EF6B227B1BFE0075565B /* asaborakeTests.swift in Sources */,
			);
			runOnlyForDeploymentPostprocessing = 0;
		};
		0243EF6D227B1BFE0075565B /* Sources */ = {
			isa = PBXSourcesBuildPhase;
			buildActionMask = 2147483647;
			files = (
				0243EF76227B1BFE0075565B /* asaborakeUITests.swift in Sources */,
			);
			runOnlyForDeploymentPostprocessing = 0;
		};
/* End PBXSourcesBuildPhase section */

/* Begin PBXTargetDependency section */
		0243EF68227B1BFE0075565B /* PBXTargetDependency */ = {
			isa = PBXTargetDependency;
			target = 0243EF51227B1BFC0075565B /* asaborake */;
			targetProxy = 0243EF67227B1BFE0075565B /* PBXContainerItemProxy */;
		};
		0243EF73227B1BFE0075565B /* PBXTargetDependency */ = {
			isa = PBXTargetDependency;
			target = 0243EF51227B1BFC0075565B /* asaborake */;
			targetProxy = 0243EF72227B1BFE0075565B /* PBXContainerItemProxy */;
		};
/* End PBXTargetDependency section */

/* Begin PBXVariantGroup section */
		0243EF59227B1BFD0075565B /* Main.storyboard */ = {
			isa = PBXVariantGroup;
			children = (
				0243EF5A227B1BFD0075565B /* Base */,
			);
			name = Main.storyboard;
			sourceTree = "<group>";
		};
		0243EF5E227B1BFE0075565B /* LaunchScreen.storyboard */ = {
			isa = PBXVariantGroup;
			children = (
				0243EF5F227B1BFE0075565B /* Base */,
			);
			name = LaunchScreen.storyboard;
			sourceTree = "<group>";
		};
/* End PBXVariantGroup section */

/* Begin XCBuildConfiguration section */
		0243EF78227B1BFE0075565B /* Debug */ = {
			isa = XCBuildConfiguration;
			buildSettings = {
				ALWAYS_SEARCH_USER_PATHS = NO;
				CLANG_ANALYZER_NONNULL = YES;
				CLANG_ANALYZER_NUMBER_OBJECT_CONVERSION = YES_AGGRESSIVE;
				CLANG_CXX_LANGUAGE_STANDARD = "gnu++14";
				CLANG_CXX_LIBRARY = "libc++";
				CLANG_ENABLE_MODULES = YES;
				CLANG_ENABLE_OBJC_ARC = YES;
				CLANG_ENABLE_OBJC_WEAK = YES;
				CLANG_WARN_BLOCK_CAPTURE_AUTORELEASING = YES;
				CLANG_WARN_BOOL_CONVERSION = YES;
				CLANG_WARN_COMMA = YES;
				CLANG_WARN_CONSTANT_CONVERSION = YES;
				CLANG_WARN_DEPRECATED_OBJC_IMPLEMENTATIONS = YES;
				CLANG_WARN_DIRECT_OBJC_ISA_USAGE = YES_ERROR;
				CLANG_WARN_DOCUMENTATION_COMMENTS = YES;
				CLANG_WARN_EMPTY_BODY = YES;
				CLANG_WARN_ENUM_CONVERSION = YES;
				CLANG_WARN_INFINITE_RECURSION = YES;
				CLANG_WARN_INT_CONVERSION = YES;
				CLANG_WARN_NON_LITERAL_NULL_CONVERSION = YES;
				CLANG_WARN_OBJC_IMPLICIT_RETAIN_SELF = YES;
				CLANG_WARN_OBJC_LITERAL_CONVERSION = YES;
				CLANG_WARN_OBJC_ROOT_CLASS = YES_ERROR;
				CLANG_WARN_RANGE_LOOP_ANALYSIS = YES;
				CLANG_WARN_STRICT_PROTOTYPES = YES;
				CLANG_WARN_SUSPICIOUS_MOVE = YES;
				CLANG_WARN_UNGUARDED_AVAILABILITY = YES_AGGRESSIVE;
				CLANG_WARN_UNREACHABLE_CODE = YES;
				CLANG_WARN__DUPLICATE_METHOD_MATCH = YES;
				CODE_SIGN_IDENTITY = "iPhone Developer";
				COPY_PHASE_STRIP = NO;
				DEBUG_INFORMATION_FORMAT = dwarf;
				ENABLE_STRICT_OBJC_MSGSEND = YES;
				ENABLE_TESTABILITY = YES;
				GCC_C_LANGUAGE_STANDARD = gnu11;
				GCC_DYNAMIC_NO_PIC = NO;
				GCC_NO_COMMON_BLOCKS = YES;
				GCC_OPTIMIZATION_LEVEL = 0;
				GCC_PREPROCESSOR_DEFINITIONS = (
					"DEBUG=1",
					"$(inherited)",
				);
				GCC_WARN_64_TO_32_BIT_CONVERSION = YES;
				GCC_WARN_ABOUT_RETURN_TYPE = YES_ERROR;
				GCC_WARN_UNDECLARED_SELECTOR = YES;
				GCC_WARN_UNINITIALIZED_AUTOS = YES_AGGRESSIVE;
				GCC_WARN_UNUSED_FUNCTION = YES;
				GCC_WARN_UNUSED_VARIABLE = YES;
				IPHONEOS_DEPLOYMENT_TARGET = 12.1;
				MTL_ENABLE_DEBUG_INFO = INCLUDE_SOURCE;
				MTL_FAST_MATH = YES;
				ONLY_ACTIVE_ARCH = YES;
				SDKROOT = iphoneos;
				SWIFT_ACTIVE_COMPILATION_CONDITIONS = DEBUG;
				SWIFT_OPTIMIZATION_LEVEL = "-Onone";
			};
			name = Debug;
		};
		0243EF79227B1BFE0075565B /* Release */ = {
			isa = XCBuildConfiguration;
			buildSettings = {
				ALWAYS_SEARCH_USER_PATHS = NO;
				CLANG_ANALYZER_NONNULL = YES;
				CLANG_ANALYZER_NUMBER_OBJECT_CONVERSION = YES_AGGRESSIVE;
				CLANG_CXX_LANGUAGE_STANDARD = "gnu++14";
				CLANG_CXX_LIBRARY = "libc++";
				CLANG_ENABLE_MODULES = YES;
				CLANG_ENABLE_OBJC_ARC = YES;
				CLANG_ENABLE_OBJC_WEAK = YES;
				CLANG_WARN_BLOCK_CAPTURE_AUTORELEASING = YES;
				CLANG_WARN_BOOL_CONVERSION = YES;
				CLANG_WARN_COMMA = YES;
				CLANG_WARN_CONSTANT_CONVERSION = YES;
				CLANG_WARN_DEPRECATED_OBJC_IMPLEMENTATIONS = YES;
				CLANG_WARN_DIRECT_OBJC_ISA_USAGE = YES_ERROR;
				CLANG_WARN_DOCUMENTATION_COMMENTS = YES;
				CLANG_WARN_EMPTY_BODY = YES;
				CLANG_WARN_ENUM_CONVERSION = YES;
				CLANG_WARN_INFINITE_RECURSION = YES;
				CLANG_WARN_INT_CONVERSION = YES;
				CLANG_WARN_NON_LITERAL_NULL_CONVERSION = YES;
				CLANG_WARN_OBJC_IMPLICIT_RETAIN_SELF = YES;
				CLANG_WARN_OBJC_LITERAL_CONVERSION = YES;
				CLANG_WARN_OBJC_ROOT_CLASS = YES_ERROR;
				CLANG_WARN_RANGE_LOOP_ANALYSIS = YES;
				CLANG_WARN_STRICT_PROTOTYPES = YES;
				CLANG_WARN_SUSPICIOUS_MOVE = YES;
				CLANG_WARN_UNGUARDED_AVAILABILITY = YES_AGGRESSIVE;
				CLANG_WARN_UNREACHABLE_CODE = YES;
				CLANG_WARN__DUPLICATE_METHOD_MATCH = YES;
				CODE_SIGN_IDENTITY = "iPhone Developer";
				COPY_PHASE_STRIP = NO;
				DEBUG_INFORMATION_FORMAT = "dwarf-with-dsym";
				ENABLE_NS_ASSERTIONS = NO;
				ENABLE_STRICT_OBJC_MSGSEND = YES;
				GCC_C_LANGUAGE_STANDARD = gnu11;
				GCC_NO_COMMON_BLOCKS = YES;
				GCC_WARN_64_TO_32_BIT_CONVERSION = YES;
				GCC_WARN_ABOUT_RETURN_TYPE = YES_ERROR;
				GCC_WARN_UNDECLARED_SELECTOR = YES;
				GCC_WARN_UNINITIALIZED_AUTOS = YES_AGGRESSIVE;
				GCC_WARN_UNUSED_FUNCTION = YES;
				GCC_WARN_UNUSED_VARIABLE = YES;
				IPHONEOS_DEPLOYMENT_TARGET = 12.1;
				MTL_ENABLE_DEBUG_INFO = NO;
				MTL_FAST_MATH = YES;
				SDKROOT = iphoneos;
				SWIFT_COMPILATION_MODE = wholemodule;
				SWIFT_OPTIMIZATION_LEVEL = "-O";
				VALIDATE_PRODUCT = YES;
			};
			name = Release;
		};
		0243EF7B227B1BFE0075565B /* Debug */ = {
			isa = XCBuildConfiguration;
			baseConfigurationReference = A49251056E56F443BAA0ED14 /* Pods-asaborake.debug.xcconfig */;
			buildSettings = {
				ASSETCATALOG_COMPILER_APPICON_NAME = AppIcon;
				CODE_SIGN_STYLE = Automatic;
				DEVELOPMENT_TEAM = DB56ZJ587B;
				INFOPLIST_FILE = asaborake/Info.plist;
				LD_RUNPATH_SEARCH_PATHS = (
					"$(inherited)",
					"@executable_path/Frameworks",
				);
				PRODUCT_BUNDLE_IDENTIFIER = com.rochefort10.asaborake;
				PRODUCT_NAME = "$(TARGET_NAME)";
				SWIFT_VERSION = 4.2;
				TARGETED_DEVICE_FAMILY = 1;
			};
			name = Debug;
		};
		0243EF7C227B1BFE0075565B /* Release */ = {
			isa = XCBuildConfiguration;
			baseConfigurationReference = 29FD66034CD7A0C08786F846 /* Pods-asaborake.release.xcconfig */;
			buildSettings = {
				ASSETCATALOG_COMPILER_APPICON_NAME = AppIcon;
				CODE_SIGN_STYLE = Automatic;
				DEVELOPMENT_TEAM = DB56ZJ587B;
				INFOPLIST_FILE = asaborake/Info.plist;
				LD_RUNPATH_SEARCH_PATHS = (
					"$(inherited)",
					"@executable_path/Frameworks",
				);
				PRODUCT_BUNDLE_IDENTIFIER = com.rochefort10.asaborake;
				PRODUCT_NAME = "$(TARGET_NAME)";
				SWIFT_VERSION = 4.2;
				TARGETED_DEVICE_FAMILY = 1;
			};
			name = Release;
		};
		0243EF7E227B1BFE0075565B /* Debug */ = {
			isa = XCBuildConfiguration;
			baseConfigurationReference = 75B006CA6EF62521E0230909 /* Pods-asaborakeTests.debug.xcconfig */;
			buildSettings = {
				ALWAYS_EMBED_SWIFT_STANDARD_LIBRARIES = YES;
				BUNDLE_LOADER = "$(TEST_HOST)";
				CODE_SIGN_STYLE = Automatic;
				DEVELOPMENT_TEAM = DB56ZJ587B;
				INFOPLIST_FILE = asaborakeTests/Info.plist;
				LD_RUNPATH_SEARCH_PATHS = (
					"$(inherited)",
					"@executable_path/Frameworks",
					"@loader_path/Frameworks",
				);
				PRODUCT_BUNDLE_IDENTIFIER = com.rochefort10.asaborakeTests;
				PRODUCT_NAME = "$(TARGET_NAME)";
				SWIFT_VERSION = 4.2;
				TARGETED_DEVICE_FAMILY = "1,2";
				TEST_HOST = "$(BUILT_PRODUCTS_DIR)/asaborake.app/asaborake";
			};
			name = Debug;
		};
		0243EF7F227B1BFE0075565B /* Release */ = {
			isa = XCBuildConfiguration;
			baseConfigurationReference = 5F0970A05985EAFC81398FF7 /* Pods-asaborakeTests.release.xcconfig */;
			buildSettings = {
				ALWAYS_EMBED_SWIFT_STANDARD_LIBRARIES = YES;
				BUNDLE_LOADER = "$(TEST_HOST)";
				CODE_SIGN_STYLE = Automatic;
				DEVELOPMENT_TEAM = DB56ZJ587B;
				INFOPLIST_FILE = asaborakeTests/Info.plist;
				LD_RUNPATH_SEARCH_PATHS = (
					"$(inherited)",
					"@executable_path/Frameworks",
					"@loader_path/Frameworks",
				);
				PRODUCT_BUNDLE_IDENTIFIER = com.rochefort10.asaborakeTests;
				PRODUCT_NAME = "$(TARGET_NAME)";
				SWIFT_VERSION = 4.2;
				TARGETED_DEVICE_FAMILY = "1,2";
				TEST_HOST = "$(BUILT_PRODUCTS_DIR)/asaborake.app/asaborake";
			};
			name = Release;
		};
		0243EF81227B1BFE0075565B /* Debug */ = {
			isa = XCBuildConfiguration;
			baseConfigurationReference = ED62B52F1601A66B56354C0D /* Pods-asaborakeUITests.debug.xcconfig */;
			buildSettings = {
				ALWAYS_EMBED_SWIFT_STANDARD_LIBRARIES = YES;
				CODE_SIGN_STYLE = Automatic;
				DEVELOPMENT_TEAM = DB56ZJ587B;
				INFOPLIST_FILE = asaborakeUITests/Info.plist;
				LD_RUNPATH_SEARCH_PATHS = (
					"$(inherited)",
					"@executable_path/Frameworks",
					"@loader_path/Frameworks",
				);
				PRODUCT_BUNDLE_IDENTIFIER = com.rochefort10.asaborakeUITests;
				PRODUCT_NAME = "$(TARGET_NAME)";
				SWIFT_VERSION = 4.2;
				TARGETED_DEVICE_FAMILY = "1,2";
				TEST_TARGET_NAME = asaborake;
			};
			name = Debug;
		};
		0243EF82227B1BFE0075565B /* Release */ = {
			isa = XCBuildConfiguration;
			baseConfigurationReference = BD8CC40F861D3E94419724A9 /* Pods-asaborakeUITests.release.xcconfig */;
			buildSettings = {
				ALWAYS_EMBED_SWIFT_STANDARD_LIBRARIES = YES;
				CODE_SIGN_STYLE = Automatic;
				DEVELOPMENT_TEAM = DB56ZJ587B;
				INFOPLIST_FILE = asaborakeUITests/Info.plist;
				LD_RUNPATH_SEARCH_PATHS = (
					"$(inherited)",
					"@executable_path/Frameworks",
					"@loader_path/Frameworks",
				);
				PRODUCT_BUNDLE_IDENTIFIER = com.rochefort10.asaborakeUITests;
				PRODUCT_NAME = "$(TARGET_NAME)";
				SWIFT_VERSION = 4.2;
				TARGETED_DEVICE_FAMILY = "1,2";
				TEST_TARGET_NAME = asaborake;
			};
			name = Release;
		};
/* End XCBuildConfiguration section */

/* Begin XCConfigurationList section */
		0243EF4D227B1BFC0075565B /* Build configuration list for PBXProject "asaborake" */ = {
			isa = XCConfigurationList;
			buildConfigurations = (
				0243EF78227B1BFE0075565B /* Debug */,
				0243EF79227B1BFE0075565B /* Release */,
			);
			defaultConfigurationIsVisible = 0;
			defaultConfigurationName = Release;
		};
		0243EF7A227B1BFE0075565B /* Build configuration list for PBXNativeTarget "asaborake" */ = {
			isa = XCConfigurationList;
			buildConfigurations = (
				0243EF7B227B1BFE0075565B /* Debug */,
				0243EF7C227B1BFE0075565B /* Release */,
			);
			defaultConfigurationIsVisible = 0;
			defaultConfigurationName = Release;
		};
		0243EF7D227B1BFE0075565B /* Build configuration list for PBXNativeTarget "asaborakeTests" */ = {
			isa = XCConfigurationList;
			buildConfigurations = (
				0243EF7E227B1BFE0075565B /* Debug */,
				0243EF7F227B1BFE0075565B /* Release */,
			);
			defaultConfigurationIsVisible = 0;
			defaultConfigurationName = Release;
		};
		0243EF80227B1BFE0075565B /* Build configuration list for PBXNativeTarget "asaborakeUITests" */ = {
			isa = XCConfigurationList;
			buildConfigurations = (
				0243EF81227B1BFE0075565B /* Debug */,
				0243EF82227B1BFE0075565B /* Release */,
			);
			defaultConfigurationIsVisible = 0;
			defaultConfigurationName = Release;
		};
/* End XCConfigurationList section */
	};
	rootObject = 0243EF4A227B1BFC0075565B /* Project object */;
}
